{
  "meteor": {},
  "dependencies": {
    "basePackages": {
      "moment": {},
      "roles": {},
      "jquery-datatables": {}
    },
    "packages": {
      "moment": {
        "git": "https://github.com/acreeger/meteor-moment.git",
        "tag": "v2.6.0",
        "commit": "26156df681750fd6e6ed77043eef32b6653ebbdf"
      },
      "roles": {
        "git": "https://github.com/alanning/meteor-roles.git",
        "tag": "v1.2.10",
        "commit": "7ccb35de0a6cb0c9a0c3666badd04757e39c09a6"
      },
      "jquery-datatables": {
        "git": "https://github.com/lumapictures/meteor-jquery-datatables",
        "tag": "v1.0.5",
        "commit": "fe4fb3178386f88eeac9139b7680646b320e321d"
      },
      "luma-component": {
        "git": "https://github.com/LumaPictures/meteor-luma-component",
        "tag": "v1.0.5",
        "commit": "9d567068048e9ca82699b096e78c3f7ec76c0fa4"
      }
    }
  }
}
